
Microsoft Visual Studio Solution File, Format Version 12.00
# Visual Studio Version 17
VisualStudioVersion = 17.1.32421.90
MinimumVisualStudioVersion = 10.0.40219.1
Project("{FAE04EC0-301F-11D3-BF4B-00C04F79EFBC}") = "launchdoom", "launchdoom\launchdoom.csproj", "{23D21C4B-74A0-4380-B7D3-5725FE2BCDA5}"
EndProject
Global
	GlobalSection(SolutionConfigurationPlatforms) = preSolution
		Debug|Any CPU = Debug|Any CPU
		Release|Any CPU = Release|Any CPU
	EndGlobalSection
	GlobalSection(ProjectConfigurationPlatforms) = postSolution
		{23D21C4B-74A0-4380-B7D3-5725FE2BCDA5}.Debug|Any CPU.ActiveCfg = Debug|Any CPU
		{23D21C4B-74A0-4380-B7D3-5725FE2BCDA5}.Debug|Any CPU.Build.0 = Debug|Any CPU
		{23D21C4B-74A0-4380-B7D3-5725FE2BCDA5}.Release|Any CPU.ActiveCfg = Release|Any CPU
		{23D21C4B-74A0-4380-B7D3-5725FE2BCDA5}.Release|Any CPU.Build.0 = Release|Any CPU
	EndGlobalSection
	GlobalSection(SolutionProperties) = preSolution
		HideSolutionNode = FALSE
	EndGlobalSection
	GlobalSection(ExtensibilityGlobals) = postSolution
		SolutionGuid = {C061ACD5-81CA-4D60-9770-41B8680B316B}
	EndGlobalSection
EndGlobal
